// !$*UTF8*$!
{
	archiveVersion = 1;
	classes = {
	};
	objectVersion = 50;
	objects = {

/* Begin PBXBuildFile section */
		53EEEF2D25DB7AFB00FB24C3 /* AppDelegate.swift in Sources */ = {isa = PBXBuildFile; fileRef = 53EEEF2C25DB7AFB00FB24C3 /* AppDelegate.swift */; };
		53EEEF2F25DB7AFB00FB24C3 /* SceneDelegate.swift in Sources */ = {isa = PBXBuildFile; fileRef = 53EEEF2E25DB7AFB00FB24C3 /* SceneDelegate.swift */; };
		53EEEF3125DB7AFB00FB24C3 /* ViewController.swift in Sources */ = {isa = PBXBuildFile; fileRef = 53EEEF3025DB7AFB00FB24C3 /* ViewController.swift */; };
		53EEEF3425DB7AFB00FB24C3 /* Main.storyboard in Resources */ = {isa = PBXBuildFile; fileRef = 53EEEF3225DB7AFB00FB24C3 /* Main.storyboard */; };
		53EEEF3625DB7AFE00FB24C3 /* Assets.xcassets in Resources */ = {isa = PBXBuildFile; fileRef = 53EEEF3525DB7AFE00FB24C3 /* Assets.xcassets */; };
		53EEEF3925DB7AFE00FB24C3 /* LaunchScreen.storyboard in Resources */ = {isa = PBXBuildFile; fileRef = 53EEEF3725DB7AFE00FB24C3 /* LaunchScreen.storyboard */; };
		53EEEF4425DB7AFE00FB24C3 /* umanager_hybridTests.swift in Sources */ = {isa = PBXBuildFile; fileRef = 53EEEF4325DB7AFE00FB24C3 /* umanager_hybridTests.swift */; };
		53EEEF4F25DB7AFE00FB24C3 /* umanager_hybridUITests.swift in Sources */ = {isa = PBXBuildFile; fileRef = 53EEEF4E25DB7AFE00FB24C3 /* umanager_hybridUITests.swift */; };
/* End PBXBuildFile section */

/* Begin PBXContainerItemProxy section */
		53EEEF4025DB7AFE00FB24C3 /* PBXContainerItemProxy */ = {
			isa = PBXContainerItemProxy;
			containerPortal = 53EEEF2125DB7AFB00FB24C3 /* Project object */;
			proxyType = 1;
			remoteGlobalIDString = 53EEEF2825DB7AFB00FB24C3;
			remoteInfo = umanager_hybrid;
		};
		53EEEF4B25DB7AFE00FB24C3 /* PBXContainerItemProxy */ = {
			isa = PBXContainerItemProxy;
			containerPortal = 53EEEF2125DB7AFB00FB24C3 /* Project object */;
			proxyType = 1;
			remoteGlobalIDString = 53EEEF2825DB7AFB00FB24C3;
			remoteInfo = umanager_hybrid;
		};
/* End PBXContainerItemProxy section */

/* Begin PBXFileReference section */
		53EEEF2925DB7AFB00FB24C3 /* umanager_hybrid.app */ = {isa = PBXFileReference; explicitFileType = wrapper.application; includeInIndex = 0; path = umanager_hybrid.app; sourceTree = BUILT_PRODUCTS_DIR; };
		53EEEF2C25DB7AFB00FB24C3 /* AppDelegate.swift */ = {isa = PBXFileReference; lastKnownFileType = sourcecode.swift; path = AppDelegate.swift; sourceTree = "<group>"; };
		53EEEF2E25DB7AFB00FB24C3 /* SceneDelegate.swift */ = {isa = PBXFileReference; lastKnownFileType = sourcecode.swift; path = SceneDelegate.swift; sourceTree = "<group>"; };
		53EEEF3025DB7AFB00FB24C3 /* ViewController.swift */ = {isa = PBXFileReference; lastKnownFileType = sourcecode.swift; path = ViewController.swift; sourceTree = "<group>"; };
		53EEEF3325DB7AFB00FB24C3 /* Base */ = {isa = PBXFileReference; lastKnownFileType = file.storyboard; name = Base; path = Base.lproj/Main.storyboard; sourceTree = "<group>"; };
		53EEEF3525DB7AFE00FB24C3 /* Assets.xcassets */ = {isa = PBXFileReference; lastKnownFileType = folder.assetcatalog; path = Assets.xcassets; sourceTree = "<group>"; };
		53EEEF3825DB7AFE00FB24C3 /* Base */ = {isa = PBXFileReference; lastKnownFileType = file.storyboard; name = Base; path = Base.lproj/LaunchScreen.storyboard; sourceTree = "<group>"; };
		53EEEF3A25DB7AFE00FB24C3 /* Info.plist */ = {isa = PBXFileReference; lastKnownFileType = text.plist.xml; path = Info.plist; sourceTree = "<group>"; };
		53EEEF3F25DB7AFE00FB24C3 /* umanager_hybridTests.xctest */ = {isa = PBXFileReference; explicitFileType = wrapper.cfbundle; includeInIndex = 0; path = umanager_hybridTests.xctest; sourceTree = BUILT_PRODUCTS_DIR; };
		53EEEF4325DB7AFE00FB24C3 /* umanager_hybridTests.swift */ = {isa = PBXFileReference; lastKnownFileType = sourcecode.swift; path = umanager_hybridTests.swift; sourceTree = "<group>"; };
		53EEEF4525DB7AFE00FB24C3 /* Info.plist */ = {isa = PBXFileReference; lastKnownFileType = text.plist.xml; path = Info.plist; sourceTree = "<group>"; };
		53EEEF4A25DB7AFE00FB24C3 /* umanager_hybridUITests.xctest */ = {isa = PBXFileReference; explicitFileType = wrapper.cfbundle; includeInIndex = 0; path = umanager_hybridUITests.xctest; sourceTree = BUILT_PRODUCTS_DIR; };
		53EEEF4E25DB7AFE00FB24C3 /* umanager_hybridUITests.swift */ = {isa = PBXFileReference; lastKnownFileType = sourcecode.swift; path = umanager_hybridUITests.swift; sourceTree = "<group>"; };
		53EEEF5025DB7AFE00FB24C3 /* Info.plist */ = {isa = PBXFileReference; lastKnownFileType = text.plist.xml; path = Info.plist; sourceTree = "<group>"; };
/* End PBXFileReference section */

/* Begin PBXFrameworksBuildPhase section */
		53EEEF2625DB7AFB00FB24C3 /* Frameworks */ = {
			isa = PBXFrameworksBuildPhase;
			buildActionMask = 2147483647;
			files = (
			);
			runOnlyForDeploymentPostprocessing = 0;
		};
		53EEEF3C25DB7AFE00FB24C3 /* Frameworks */ = {
			isa = PBXFrameworksBuildPhase;
			buildActionMask = 2147483647;
			files = (
			);
			runOnlyForDeploymentPostprocessing = 0;
		};
		53EEEF4725DB7AFE00FB24C3 /* Frameworks */ = {
			isa = PBXFrameworksBuildPhase;
			buildActionMask = 2147483647;
			files = (
			);
			runOnlyForDeploymentPostprocessing = 0;
		};
/* End PBXFrameworksBuildPhase section */

/* Begin PBXGroup section */
		53EEEF2025DB7AFB00FB24C3 = {
			isa = PBXGroup;
			children = (
				53EEEF2B25DB7AFB00FB24C3 /* umanager_hybrid */,
				53EEEF4225DB7AFE00FB24C3 /* umanager_hybridTests */,
				53EEEF4D25DB7AFE00FB24C3 /* umanager_hybridUITests */,
				53EEEF2A25DB7AFB00FB24C3 /* Products */,
			);
			sourceTree = "<group>";
		};
		53EEEF2A25DB7AFB00FB24C3 /* Products */ = {
			isa = PBXGroup;
			children = (
				53EEEF2925DB7AFB00FB24C3 /* umanager_hybrid.app */,
				53EEEF3F25DB7AFE00FB24C3 /* umanager_hybridTests.xctest */,
				53EEEF4A25DB7AFE00FB24C3 /* umanager_hybridUITests.xctest */,
			);
			name = Products;
			sourceTree = "<group>";
		};
		53EEEF2B25DB7AFB00FB24C3 /* umanager_hybrid */ = {
			isa = PBXGroup;
			children = (
				53EEEF2C25DB7AFB00FB24C3 /* AppDelegate.swift */,
				53EEEF2E25DB7AFB00FB24C3 /* SceneDelegate.swift */,
				53EEEF3025DB7AFB00FB24C3 /* ViewController.swift */,
				53EEEF3225DB7AFB00FB24C3 /* Main.storyboard */,
				53EEEF3525DB7AFE00FB24C3 /* Assets.xcassets */,
				53EEEF3725DB7AFE00FB24C3 /* LaunchScreen.storyboard */,
				53EEEF3A25DB7AFE00FB24C3 /* Info.plist */,
			);
			path = umanager_hybrid;
			sourceTree = "<group>";
		};
		53EEEF4225DB7AFE00FB24C3 /* umanager_hybridTests */ = {
			isa = PBXGroup;
			children = (
				53EEEF4325DB7AFE00FB24C3 /* umanager_hybridTests.swift */,
				53EEEF4525DB7AFE00FB24C3 /* Info.plist */,
			);
			path = umanager_hybridTests;
			sourceTree = "<group>";
		};
		53EEEF4D25DB7AFE00FB24C3 /* umanager_hybridUITests */ = {
			isa = PBXGroup;
			children = (
				53EEEF4E25DB7AFE00FB24C3 /* umanager_hybridUITests.swift */,
				53EEEF5025DB7AFE00FB24C3 /* Info.plist */,
			);
			path = umanager_hybridUITests;
			sourceTree = "<group>";
		};
/* End PBXGroup section */

/* Begin PBXNativeTarget section */
		53EEEF2825DB7AFB00FB24C3 /* umanager_hybrid */ = {
			isa = PBXNativeTarget;
			buildConfigurationList = 53EEEF5325DB7AFE00FB24C3 /* Build configuration list for PBXNativeTarget "umanager_hybrid" */;
			buildPhases = (
				53EEEF2525DB7AFB00FB24C3 /* Sources */,
				53EEEF2625DB7AFB00FB24C3 /* Frameworks */,
				53EEEF2725DB7AFB00FB24C3 /* Resources */,
			);
			buildRules = (
			);
			dependencies = (
			);
			name = umanager_hybrid;
			productName = umanager_hybrid;
			productReference = 53EEEF2925DB7AFB00FB24C3 /* umanager_hybrid.app */;
			productType = "com.apple.product-type.application";
		};
		53EEEF3E25DB7AFE00FB24C3 /* umanager_hybridTests */ = {
			isa = PBXNativeTarget;
			buildConfigurationList = 53EEEF5625DB7AFE00FB24C3 /* Build configuration list for PBXNativeTarget "umanager_hybridTests" */;
			buildPhases = (
				53EEEF3B25DB7AFE00FB24C3 /* Sources */,
				53EEEF3C25DB7AFE00FB24C3 /* Frameworks */,
				53EEEF3D25DB7AFE00FB24C3 /* Resources */,
			);
			buildRules = (
			);
			dependencies = (
				53EEEF4125DB7AFE00FB24C3 /* PBXTargetDependency */,
			);
			name = umanager_hybridTests;
			productName = umanager_hybridTests;
			productReference = 53EEEF3F25DB7AFE00FB24C3 /* umanager_hybridTests.xctest */;
			productType = "com.apple.product-type.bundle.unit-test";
		};
		53EEEF4925DB7AFE00FB24C3 /* umanager_hybridUITests */ = {
			isa = PBXNativeTarget;
			buildConfigurationList = 53EEEF5925DB7AFE00FB24C3 /* Build configuration list for PBXNativeTarget "umanager_hybridUITests" */;
			buildPhases = (
				53EEEF4625DB7AFE00FB24C3 /* Sources */,
				53EEEF4725DB7AFE00FB24C3 /* Frameworks */,
				53EEEF4825DB7AFE00FB24C3 /* Resources */,
			);
			buildRules = (
			);
			dependencies = (
				53EEEF4C25DB7AFE00FB24C3 /* PBXTargetDependency */,
			);
			name = umanager_hybridUITests;
			productName = umanager_hybridUITests;
			productReference = 53EEEF4A25DB7AFE00FB24C3 /* umanager_hybridUITests.xctest */;
			productType = "com.apple.product-type.bundle.ui-testing";
		};
/* End PBXNativeTarget section */

/* Begin PBXProject section */
		53EEEF2125DB7AFB00FB24C3 /* Project object */ = {
			isa = PBXProject;
			attributes = {
				LastSwiftUpdateCheck = 1240;
				LastUpgradeCheck = 1240;
				TargetAttributes = {
					53EEEF2825DB7AFB00FB24C3 = {
						CreatedOnToolsVersion = 12.4;
					};
					53EEEF3E25DB7AFE00FB24C3 = {
						CreatedOnToolsVersion = 12.4;
						TestTargetID = 53EEEF2825DB7AFB00FB24C3;
					};
					53EEEF4925DB7AFE00FB24C3 = {
						CreatedOnToolsVersion = 12.4;
						TestTargetID = 53EEEF2825DB7AFB00FB24C3;
					};
				};
			};
			buildConfigurationList = 53EEEF2425DB7AFB00FB24C3 /* Build configuration list for PBXProject "umanager_hybrid" */;
			compatibilityVersion = "Xcode 9.3";
			developmentRegion = en;
			hasScannedForEncodings = 0;
			knownRegions = (
				en,
				Base,
			);
			mainGroup = 53EEEF2025DB7AFB00FB24C3;
			productRefGroup = 53EEEF2A25DB7AFB00FB24C3 /* Products */;
			projectDirPath = "";
			projectRoot = "";
			targets = (
				53EEEF2825DB7AFB00FB24C3 /* umanager_hybrid */,
				53EEEF3E25DB7AFE00FB24C3 /* umanager_hybridTests */,
				53EEEF4925DB7AFE00FB24C3 /* umanager_hybridUITests */,
			);
		};
/* End PBXProject section */

/* Begin PBXResourcesBuildPhase section */
		53EEEF2725DB7AFB00FB24C3 /* Resources */ = {
			isa = PBXResourcesBuildPhase;
			buildActionMask = 2147483647;
			files = (
				53EEEF3925DB7AFE00FB24C3 /* LaunchScreen.storyboard in Resources */,
				53EEEF3625DB7AFE00FB24C3 /* Assets.xcassets in Resources */,
				53EEEF3425DB7AFB00FB24C3 /* Main.storyboard in Resources */,
			);
			runOnlyForDeploymentPostprocessing = 0;
		};
		53EEEF3D25DB7AFE00FB24C3 /* Resources */ = {
			isa = PBXResourcesBuildPhase;
			buildActionMask = 2147483647;
			files = (
			);
			runOnlyForDeploymentPostprocessing = 0;
		};
		53EEEF4825DB7AFE00FB24C3 /* Resources */ = {
			isa = PBXResourcesBuildPhase;
			buildActionMask = 2147483647;
			files = (
			);
			runOnlyForDeploymentPostprocessing = 0;
		};
/* End PBXResourcesBuildPhase section */

/* Begin PBXSourcesBuildPhase section */
		53EEEF2525DB7AFB00FB24C3 /* Sources */ = {
			isa = PBXSourcesBuildPhase;
			buildActionMask = 2147483647;
			files = (
				53EEEF3125DB7AFB00FB24C3 /* ViewController.swift in Sources */,
				53EEEF2D25DB7AFB00FB24C3 /* AppDelegate.swift in Sources */,
				53EEEF2F25DB7AFB00FB24C3 /* SceneDelegate.swift in Sources */,
			);
			runOnlyForDeploymentPostprocessing = 0;
		};
		53EEEF3B25DB7AFE00FB24C3 /* Sources */ = {
			isa = PBXSourcesBuildPhase;
			buildActionMask = 2147483647;
			files = (
				53EEEF4425DB7AFE00FB24C3 /* umanager_hybridTests.swift in Sources */,
			);
			runOnlyForDeploymentPostprocessing = 0;
		};
		53EEEF4625DB7AFE00FB24C3 /* Sources */ = {
			isa = PBXSourcesBuildPhase;
			buildActionMask = 2147483647;
			files = (
				53EEEF4F25DB7AFE00FB24C3 /* umanager_hybridUITests.swift in Sources */,
			);
			runOnlyForDeploymentPostprocessing = 0;
		};
/* End PBXSourcesBuildPhase section */

/* Begin PBXTargetDependency section */
		53EEEF4125DB7AFE00FB24C3 /* PBXTargetDependency */ = {
			isa = PBXTargetDependency;
			target = 53EEEF2825DB7AFB00FB24C3 /* umanager_hybrid */;
			targetProxy = 53EEEF4025DB7AFE00FB24C3 /* PBXContainerItemProxy */;
		};
		53EEEF4C25DB7AFE00FB24C3 /* PBXTargetDependency */ = {
			isa = PBXTargetDependency;
			target = 53EEEF2825DB7AFB00FB24C3 /* umanager_hybrid */;
			targetProxy = 53EEEF4B25DB7AFE00FB24C3 /* PBXContainerItemProxy */;
		};
/* End PBXTargetDependency section */

/* Begin PBXVariantGroup section */
		53EEEF3225DB7AFB00FB24C3 /* Main.storyboard */ = {
			isa = PBXVariantGroup;
			children = (
				53EEEF3325DB7AFB00FB24C3 /* Base */,
			);
			name = Main.storyboard;
			sourceTree = "<group>";
		};
		53EEEF3725DB7AFE00FB24C3 /* LaunchScreen.storyboard */ = {
			isa = PBXVariantGroup;
			children = (
				53EEEF3825DB7AFE00FB24C3 /* Base */,
			);
			name = LaunchScreen.storyboard;
			sourceTree = "<group>";
		};
/* End PBXVariantGroup section */

/* Begin XCBuildConfiguration section */
		53EEEF5125DB7AFE00FB24C3 /* Debug */ = {
			isa = XCBuildConfiguration;
			buildSettings = {
				ALWAYS_SEARCH_USER_PATHS = NO;
				CLANG_ANALYZER_NONNULL = YES;
				CLANG_ANALYZER_NUMBER_OBJECT_CONVERSION = YES_AGGRESSIVE;
				CLANG_CXX_LANGUAGE_STANDARD = "gnu++14";
				CLANG_CXX_LIBRARY = "libc++";
				CLANG_ENABLE_MODULES = YES;
				CLANG_ENABLE_OBJC_ARC = YES;
				CLANG_ENABLE_OBJC_WEAK = YES;
				CLANG_WARN_BLOCK_CAPTURE_AUTORELEASING = YES;
				CLANG_WARN_BOOL_CONVERSION = YES;
				CLANG_WARN_COMMA = YES;
				CLANG_WARN_CONSTANT_CONVERSION = YES;
				CLANG_WARN_DEPRECATED_OBJC_IMPLEMENTATIONS = YES;
				CLANG_WARN_DIRECT_OBJC_ISA_USAGE = YES_ERROR;
				CLANG_WARN_DOCUMENTATION_COMMENTS = YES;
				CLANG_WARN_EMPTY_BODY = YES;
				CLANG_WARN_ENUM_CONVERSION = YES;
				CLANG_WARN_INFINITE_RECURSION = YES;
				CLANG_WARN_INT_CONVERSION = YES;
				CLANG_WARN_NON_LITERAL_NULL_CONVERSION = YES;
				CLANG_WARN_OBJC_IMPLICIT_RETAIN_SELF = YES;
				CLANG_WARN_OBJC_LITERAL_CONVERSION = YES;
				CLANG_WARN_OBJC_ROOT_CLASS = YES_ERROR;
				CLANG_WARN_QUOTED_INCLUDE_IN_FRAMEWORK_HEADER = YES;
				CLANG_WARN_RANGE_LOOP_ANALYSIS = YES;
				CLANG_WARN_STRICT_PROTOTYPES = YES;
				CLANG_WARN_SUSPICIOUS_MOVE = YES;
				CLANG_WARN_UNGUARDED_AVAILABILITY = YES_AGGRESSIVE;
				CLANG_WARN_UNREACHABLE_CODE = YES;
				CLANG_WARN__DUPLICATE_METHOD_MATCH = YES;
				COPY_PHASE_STRIP = NO;
				DEBUG_INFORMATION_FORMAT = dwarf;
				ENABLE_STRICT_OBJC_MSGSEND = YES;
				ENABLE_TESTABILITY = YES;
				GCC_C_LANGUAGE_STANDARD = gnu11;
				GCC_DYNAMIC_NO_PIC = NO;
				GCC_NO_COMMON_BLOCKS = YES;
				GCC_OPTIMIZATION_LEVEL = 0;
				GCC_PREPROCESSOR_DEFINITIONS = (
					"DEBUG=1",
					"$(inherited)",
				);
				GCC_WARN_64_TO_32_BIT_CONVERSION = YES;
				GCC_WARN_ABOUT_RETURN_TYPE = YES_ERROR;
				GCC_WARN_UNDECLARED_SELECTOR = YES;
				GCC_WARN_UNINITIALIZED_AUTOS = YES_AGGRESSIVE;
				GCC_WARN_UNUSED_FUNCTION = YES;
				GCC_WARN_UNUSED_VARIABLE = YES;
				IPHONEOS_DEPLOYMENT_TARGET = 14.4;
				MTL_ENABLE_DEBUG_INFO = INCLUDE_SOURCE;
				MTL_FAST_MATH = YES;
				ONLY_ACTIVE_ARCH = YES;
				SDKROOT = iphoneos;
				SWIFT_ACTIVE_COMPILATION_CONDITIONS = DEBUG;
				SWIFT_OPTIMIZATION_LEVEL = "-Onone";
			};
			name = Debug;
		};
		53EEEF5225DB7AFE00FB24C3 /* Release */ = {
			isa = XCBuildConfiguration;
			buildSettings = {
				ALWAYS_SEARCH_USER_PATHS = NO;
				CLANG_ANALYZER_NONNULL = YES;
				CLANG_ANALYZER_NUMBER_OBJECT_CONVERSION = YES_AGGRESSIVE;
				CLANG_CXX_LANGUAGE_STANDARD = "gnu++14";
				CLANG_CXX_LIBRARY = "libc++";
				CLANG_ENABLE_MODULES = YES;
				CLANG_ENABLE_OBJC_ARC = YES;
				CLANG_ENABLE_OBJC_WEAK = YES;
				CLANG_WARN_BLOCK_CAPTURE_AUTORELEASING = YES;
				CLANG_WARN_BOOL_CONVERSION = YES;
				CLANG_WARN_COMMA = YES;
				CLANG_WARN_CONSTANT_CONVERSION = YES;
				CLANG_WARN_DEPRECATED_OBJC_IMPLEMENTATIONS = YES;
				CLANG_WARN_DIRECT_OBJC_ISA_USAGE = YES_ERROR;
				CLANG_WARN_DOCUMENTATION_COMMENTS = YES;
				CLANG_WARN_EMPTY_BODY = YES;
				CLANG_WARN_ENUM_CONVERSION = YES;
				CLANG_WARN_INFINITE_RECURSION = YES;
				CLANG_WARN_INT_CONVERSION = YES;
				CLANG_WARN_NON_LITERAL_NULL_CONVERSION = YES;
				CLANG_WARN_OBJC_IMPLICIT_RETAIN_SELF = YES;
				CLANG_WARN_OBJC_LITERAL_CONVERSION = YES;
				CLANG_WARN_OBJC_ROOT_CLASS = YES_ERROR;
				CLANG_WARN_QUOTED_INCLUDE_IN_FRAMEWORK_HEADER = YES;
				CLANG_WARN_RANGE_LOOP_ANALYSIS = YES;
				CLANG_WARN_STRICT_PROTOTYPES = YES;
				CLANG_WARN_SUSPICIOUS_MOVE = YES;
				CLANG_WARN_UNGUARDED_AVAILABILITY = YES_AGGRESSIVE;
				CLANG_WARN_UNREACHABLE_CODE = YES;
				CLANG_WARN__DUPLICATE_METHOD_MATCH = YES;
				COPY_PHASE_STRIP = NO;
				DEBUG_INFORMATION_FORMAT = "dwarf-with-dsym";
				ENABLE_NS_ASSERTIONS = NO;
				ENABLE_STRICT_OBJC_MSGSEND = YES;
				GCC_C_LANGUAGE_STANDARD = gnu11;
				GCC_NO_COMMON_BLOCKS = YES;
				GCC_WARN_64_TO_32_BIT_CONVERSION = YES;
				GCC_WARN_ABOUT_RETURN_TYPE = YES_ERROR;
				GCC_WARN_UNDECLARED_SELECTOR = YES;
				GCC_WARN_UNINITIALIZED_AUTOS = YES_AGGRESSIVE;
				GCC_WARN_UNUSED_FUNCTION = YES;
				GCC_WARN_UNUSED_VARIABLE = YES;
				IPHONEOS_DEPLOYMENT_TARGET = 14.4;
				MTL_ENABLE_DEBUG_INFO = NO;
				MTL_FAST_MATH = YES;
				SDKROOT = iphoneos;
				SWIFT_COMPILATION_MODE = wholemodule;
				SWIFT_OPTIMIZATION_LEVEL = "-O";
				VALIDATE_PRODUCT = YES;
			};
			name = Release;
		};
		53EEEF5425DB7AFE00FB24C3 /* Debug */ = {
			isa = XCBuildConfiguration;
			buildSettings = {
				ASSETCATALOG_COMPILER_APPICON_NAME = AppIcon;
				ASSETCATALOG_COMPILER_GLOBAL_ACCENT_COLOR_NAME = AccentColor;
				CODE_SIGN_STYLE = Automatic;
				DEVELOPMENT_TEAM = TX6N2R4D3L;
				INFOPLIST_FILE = umanager_hybrid/Info.plist;
				LD_RUNPATH_SEARCH_PATHS = (
					"$(inherited)",
					"@executable_path/Frameworks",
				);
				PRODUCT_BUNDLE_IDENTIFIER = "com.witty.umanager-hybrid";
				PRODUCT_NAME = "$(TARGET_NAME)";
				SWIFT_VERSION = 5.0;
				TARGETED_DEVICE_FAMILY = "1,2";
			};
			name = Debug;
		};
		53EEEF5525DB7AFE00FB24C3 /* Release */ = {
			isa = XCBuildConfiguration;
			buildSettings = {
				ASSETCATALOG_COMPILER_APPICON_NAME = AppIcon;
				ASSETCATALOG_COMPILER_GLOBAL_ACCENT_COLOR_NAME = AccentColor;
				CODE_SIGN_STYLE = Automatic;
				DEVELOPMENT_TEAM = TX6N2R4D3L;
				INFOPLIST_FILE = umanager_hybrid/Info.plist;
				LD_RUNPATH_SEARCH_PATHS = (
					"$(inherited)",
					"@executable_path/Frameworks",
				);
				PRODUCT_BUNDLE_IDENTIFIER = "com.witty.umanager-hybrid";
				PRODUCT_NAME = "$(TARGET_NAME)";
				SWIFT_VERSION = 5.0;
				TARGETED_DEVICE_FAMILY = "1,2";
			};
			name = Release;
		};
		53EEEF5725DB7AFE00FB24C3 /* Debug */ = {
			isa = XCBuildConfiguration;
			buildSettings = {
				ALWAYS_EMBED_SWIFT_STANDARD_LIBRARIES = YES;
				BUNDLE_LOADER = "$(TEST_HOST)";
				CODE_SIGN_STYLE = Automatic;
				DEVELOPMENT_TEAM = TX6N2R4D3L;
				INFOPLIST_FILE = umanager_hybridTests/Info.plist;
				IPHONEOS_DEPLOYMENT_TARGET = 14.4;
				LD_RUNPATH_SEARCH_PATHS = (
					"$(inherited)",
					"@executable_path/Frameworks",
					"@loader_path/Frameworks",
				);
				PRODUCT_BUNDLE_IDENTIFIER = "com.witty.umanager-hybridTests";
				PRODUCT_NAME = "$(TARGET_NAME)";
				SWIFT_VERSION = 5.0;
				TARGETED_DEVICE_FAMILY = "1,2";
				TEST_HOST = "$(BUILT_PRODUCTS_DIR)/umanager_hybrid.app/umanager_hybrid";
			};
			name = Debug;
		};
		53EEEF5825DB7AFE00FB24C3 /* Release */ = {
			isa = XCBuildConfiguration;
			buildSettings = {
				ALWAYS_EMBED_SWIFT_STANDARD_LIBRARIES = YES;
				BUNDLE_LOADER = "$(TEST_HOST)";
				CODE_SIGN_STYLE = Automatic;
				DEVELOPMENT_TEAM = TX6N2R4D3L;
				INFOPLIST_FILE = umanager_hybridTests/Info.plist;
				IPHONEOS_DEPLOYMENT_TARGET = 14.4;
				LD_RUNPATH_SEARCH_PATHS = (
					"$(inherited)",
					"@executable_path/Frameworks",
					"@loader_path/Frameworks",
				);
				PRODUCT_BUNDLE_IDENTIFIER = "com.witty.umanager-hybridTests";
				PRODUCT_NAME = "$(TARGET_NAME)";
				SWIFT_VERSION = 5.0;
				TARGETED_DEVICE_FAMILY = "1,2";
				TEST_HOST = "$(BUILT_PRODUCTS_DIR)/umanager_hybrid.app/umanager_hybrid";
			};
			name = Release;
		};
		53EEEF5A25DB7AFE00FB24C3 /* Debug */ = {
			isa = XCBuildConfiguration;
			buildSettings = {
				ALWAYS_EMBED_SWIFT_STANDARD_LIBRARIES = YES;
				CODE_SIGN_STYLE = Automatic;
				DEVELOPMENT_TEAM = TX6N2R4D3L;
				INFOPLIST_FILE = umanager_hybridUITests/Info.plist;
				LD_RUNPATH_SEARCH_PATHS = (
					"$(inherited)",
					"@executable_path/Frameworks",
					"@loader_path/Frameworks",
				);
				PRODUCT_BUNDLE_IDENTIFIER = "com.witty.umanager-hybridUITests";
				PRODUCT_NAME = "$(TARGET_NAME)";
				SWIFT_VERSION = 5.0;
				TARGETED_DEVICE_FAMILY = "1,2";
				TEST_TARGET_NAME = umanager_hybrid;
			};
			name = Debug;
		};
		53EEEF5B25DB7AFE00FB24C3 /* Release */ = {
			isa = XCBuildConfiguration;
			buildSettings = {
				ALWAYS_EMBED_SWIFT_STANDARD_LIBRARIES = YES;
				CODE_SIGN_STYLE = Automatic;
				DEVELOPMENT_TEAM = TX6N2R4D3L;
				INFOPLIST_FILE = umanager_hybridUITests/Info.plist;
				LD_RUNPATH_SEARCH_PATHS = (
					"$(inherited)",
					"@executable_path/Frameworks",
					"@loader_path/Frameworks",
				);
				PRODUCT_BUNDLE_IDENTIFIER = "com.witty.umanager-hybridUITests";
				PRODUCT_NAME = "$(TARGET_NAME)";
				SWIFT_VERSION = 5.0;
				TARGETED_DEVICE_FAMILY = "1,2";
				TEST_TARGET_NAME = umanager_hybrid;
			};
			name = Release;
		};
/* End XCBuildConfiguration section */

/* Begin XCConfigurationList section */
		53EEEF2425DB7AFB00FB24C3 /* Build configuration list for PBXProject "umanager_hybrid" */ = {
			isa = XCConfigurationList;
			buildConfigurations = (
				53EEEF5125DB7AFE00FB24C3 /* Debug */,
				53EEEF5225DB7AFE00FB24C3 /* Release */,
			);
			defaultConfigurationIsVisible = 0;
			defaultConfigurationName = Release;
		};
		53EEEF5325DB7AFE00FB24C3 /* Build configuration list for PBXNativeTarget "umanager_hybrid" */ = {
			isa = XCConfigurationList;
			buildConfigurations = (
				53EEEF5425DB7AFE00FB24C3 /* Debug */,
				53EEEF5525DB7AFE00FB24C3 /* Release */,
			);
			defaultConfigurationIsVisible = 0;
			defaultConfigurationName = Release;
		};
		53EEEF5625DB7AFE00FB24C3 /* Build configuration list for PBXNativeTarget "umanager_hybridTests" */ = {
			isa = XCConfigurationList;
			buildConfigurations = (
				53EEEF5725DB7AFE00FB24C3 /* Debug */,
				53EEEF5825DB7AFE00FB24C3 /* Release */,
			);
			defaultConfigurationIsVisible = 0;
			defaultConfigurationName = Release;
		};
		53EEEF5925DB7AFE00FB24C3 /* Build configuration list for PBXNativeTarget "umanager_hybridUITests" */ = {
			isa = XCConfigurationList;
			buildConfigurations = (
				53EEEF5A25DB7AFE00FB24C3 /* Debug */,
				53EEEF5B25DB7AFE00FB24C3 /* Release */,
			);
			defaultConfigurationIsVisible = 0;
			defaultConfigurationName = Release;
		};
/* End XCConfigurationList section */
	};
	rootObject = 53EEEF2125DB7AFB00FB24C3 /* Project object */;
}
